
Microsoft Visual Studio Solution File, Format Version 12.00
# Visual Studio Version 16
VisualStudioVersion = 16.0.28922.388
MinimumVisualStudioVersion = 10.0.40219.1
Project("{FAE04EC0-301F-11D3-BF4B-00C04F79EFBC}") = "FaceScanner", "FaceScanner\FaceScanner.csproj", "{3AFF2C35-74C3-4661-A80C-B53BEB23B1B6}"
EndProject
Global
	GlobalSection(SolutionConfigurationPlatforms) = preSolution
		Debug|Any CPU = Debug|Any CPU
		Release|Any CPU = Release|Any CPU
	EndGlobalSection
	GlobalSection(ProjectConfigurationPlatforms) = postSolution
		{3AFF2C35-74C3-4661-A80C-B53BEB23B1B6}.Debug|Any CPU.ActiveCfg = Debug|Any CPU
		{3AFF2C35-74C3-4661-A80C-B53BEB23B1B6}.Debug|Any CPU.Build.0 = Debug|Any CPU
		{3AFF2C35-74C3-4661-A80C-B53BEB23B1B6}.Release|Any CPU.ActiveCfg = Release|Any CPU
		{3AFF2C35-74C3-4661-A80C-B53BEB23B1B6}.Release|Any CPU.Build.0 = Release|Any CPU
	EndGlobalSection
	GlobalSection(SolutionProperties) = preSolution
		HideSolutionNode = FALSE
	EndGlobalSection
	GlobalSection(ExtensibilityGlobals) = postSolution
		SolutionGuid = {E40705F4-6089-4031-BE37-C8C682D56292}
	EndGlobalSection
EndGlobal
